
Microsoft Visual Studio Solution File, Format Version 12.00
# Visual Studio Version 16
VisualStudioVersion = 16.0.29613.14
MinimumVisualStudioVersion = 10.0.40219.1
Project("{FAE04EC0-301F-11D3-BF4B-00C04F79EFBC}") = "LoopCheckTool.Lib", "..\LoopCheckTool.Lib\LoopCheckTool.Lib.csproj", "{653DAAA7-5002-42DA-9447-74210A366726}"
EndProject
Project("{FAE04EC0-301F-11D3-BF4B-00C04F79EFBC}") = "LoopCheckTool.Console", "..\LoopCheckTool.Console\LoopCheckTool.Console.csproj", "{8972A545-E591-495B-B90A-06E220A31580}"
EndProject
Global
	GlobalSection(SolutionConfigurationPlatforms) = preSolution
		Debug|Any CPU = Debug|Any CPU
		Release|Any CPU = Release|Any CPU
	EndGlobalSection
	GlobalSection(ProjectConfigurationPlatforms) = postSolution
		{653DAAA7-5002-42DA-9447-74210A366726}.Debug|Any CPU.ActiveCfg = Debug|Any CPU
		{653DAAA7-5002-42DA-9447-74210A366726}.Debug|Any CPU.Build.0 = Debug|Any CPU
		{653DAAA7-5002-42DA-9447-74210A366726}.Release|Any CPU.ActiveCfg = Release|Any CPU
		{653DAAA7-5002-42DA-9447-74210A366726}.Release|Any CPU.Build.0 = Release|Any CPU
		{8972A545-E591-495B-B90A-06E220A31580}.Debug|Any CPU.ActiveCfg = Debug|Any CPU
		{8972A545-E591-495B-B90A-06E220A31580}.Debug|Any CPU.Build.0 = Debug|Any CPU
		{8972A545-E591-495B-B90A-06E220A31580}.Release|Any CPU.ActiveCfg = Release|Any CPU
		{8972A545-E591-495B-B90A-06E220A31580}.Release|Any CPU.Build.0 = Release|Any CPU
	EndGlobalSection
	GlobalSection(SolutionProperties) = preSolution
		HideSolutionNode = FALSE
	EndGlobalSection
	GlobalSection(ExtensibilityGlobals) = postSolution
		SolutionGuid = {6D4300A1-41D4-405A-8F62-7D0CF0214AC6}
	EndGlobalSection
EndGlobal
