
Microsoft Visual Studio Solution File, Format Version 12.00
# Visual Studio Version 16
VisualStudioVersion = 16.0.29709.97
MinimumVisualStudioVersion = 10.0.40219.1
Project("{FAE04EC0-301F-11D3-BF4B-00C04F79EFBC}") = "LoopCheckTool.Lib", "..\LoopCheckTool.Lib\LoopCheckTool.Lib.csproj", "{653DAAA7-5002-42DA-9447-74210A366726}"
EndProject
Project("{FAE04EC0-301F-11D3-BF4B-00C04F79EFBC}") = "LoopCheckTool.Desktop", "..\LoopCheckTool.Desktop\LoopCheckTool.Desktop.csproj", "{53F1544B-0753-4EDD-B0E7-754A85C51B4C}"
EndProject
Global
	GlobalSection(SolutionConfigurationPlatforms) = preSolution
		Debug|Any CPU = Debug|Any CPU
		Release|Any CPU = Release|Any CPU
	EndGlobalSection
	GlobalSection(ProjectConfigurationPlatforms) = postSolution
		{653DAAA7-5002-42DA-9447-74210A366726}.Debug|Any CPU.ActiveCfg = Debug|Any CPU
		{653DAAA7-5002-42DA-9447-74210A366726}.Debug|Any CPU.Build.0 = Debug|Any CPU
		{653DAAA7-5002-42DA-9447-74210A366726}.Release|Any CPU.ActiveCfg = Release|Any CPU
		{653DAAA7-5002-42DA-9447-74210A366726}.Release|Any CPU.Build.0 = Release|Any CPU
		{53F1544B-0753-4EDD-B0E7-754A85C51B4C}.Debug|Any CPU.ActiveCfg = Debug|Any CPU
		{53F1544B-0753-4EDD-B0E7-754A85C51B4C}.Debug|Any CPU.Build.0 = Debug|Any CPU
		{53F1544B-0753-4EDD-B0E7-754A85C51B4C}.Release|Any CPU.ActiveCfg = Release|Any CPU
		{53F1544B-0753-4EDD-B0E7-754A85C51B4C}.Release|Any CPU.Build.0 = Release|Any CPU
	EndGlobalSection
	GlobalSection(SolutionProperties) = preSolution
		HideSolutionNode = FALSE
	EndGlobalSection
	GlobalSection(ExtensibilityGlobals) = postSolution
		SolutionGuid = {DA4930D4-FF3D-4501-A07B-1DC2FC28D079}
	EndGlobalSection
EndGlobal
