
Microsoft Visual Studio Solution File, Format Version 12.00
# Visual Studio Version 16
VisualStudioVersion = 16.0.29709.97
MinimumVisualStudioVersion = 10.0.40219.1
Project("{54435603-DBB4-11D2-8724-00A0C9A8B90C}") = "LoopCheckTool.Installer", "..\LoopCheckTool.Installer\LoopCheckTool.Installer.vdproj", "{8E2AD7F4-E66B-4697-B5F2-B8572EB06BD8}"
EndProject
Project("{FAE04EC0-301F-11D3-BF4B-00C04F79EFBC}") = "LoopCheckTool.Lib", "..\LoopCheckTool.Lib\LoopCheckTool.Lib.csproj", "{653DAAA7-5002-42DA-9447-74210A366726}"
EndProject
Project("{FAE04EC0-301F-11D3-BF4B-00C04F79EFBC}") = "LoopCheckTool.Desktop", "..\LoopCheckTool.Desktop\LoopCheckTool.Desktop.csproj", "{53F1544B-0753-4EDD-B0E7-754A85C51B4C}"
EndProject
Project("{FAE04EC0-301F-11D3-BF4B-00C04F79EFBC}") = "LoopCheckTool.Console", "..\LoopCheckTool.Console\LoopCheckTool.Console.csproj", "{8972A545-E591-495B-B90A-06E220A31580}"
EndProject
Project("{FAE04EC0-301F-11D3-BF4B-00C04F79EFBC}") = "LoopCheckTool.Wizard", "..\LoopCheckTool.Wizard\LoopCheckTool.Wizard.csproj", "{BB3317DE-4ED2-47D0-B8A7-80CA074787AD}"
EndProject
Global
	GlobalSection(SolutionConfigurationPlatforms) = preSolution
		Debug|Any CPU = Debug|Any CPU
		Release|Any CPU = Release|Any CPU
	EndGlobalSection
	GlobalSection(ProjectConfigurationPlatforms) = postSolution
		{8E2AD7F4-E66B-4697-B5F2-B8572EB06BD8}.Debug|Any CPU.ActiveCfg = Debug
		{8E2AD7F4-E66B-4697-B5F2-B8572EB06BD8}.Debug|Any CPU.Build.0 = Debug
		{8E2AD7F4-E66B-4697-B5F2-B8572EB06BD8}.Release|Any CPU.ActiveCfg = Release
		{8E2AD7F4-E66B-4697-B5F2-B8572EB06BD8}.Release|Any CPU.Build.0 = Release
		{653DAAA7-5002-42DA-9447-74210A366726}.Debug|Any CPU.ActiveCfg = Debug|Any CPU
		{653DAAA7-5002-42DA-9447-74210A366726}.Debug|Any CPU.Build.0 = Debug|Any CPU
		{653DAAA7-5002-42DA-9447-74210A366726}.Release|Any CPU.ActiveCfg = Release|Any CPU
		{653DAAA7-5002-42DA-9447-74210A366726}.Release|Any CPU.Build.0 = Release|Any CPU
		{53F1544B-0753-4EDD-B0E7-754A85C51B4C}.Debug|Any CPU.ActiveCfg = Debug|Any CPU
		{53F1544B-0753-4EDD-B0E7-754A85C51B4C}.Debug|Any CPU.Build.0 = Debug|Any CPU
		{53F1544B-0753-4EDD-B0E7-754A85C51B4C}.Release|Any CPU.ActiveCfg = Release|Any CPU
		{53F1544B-0753-4EDD-B0E7-754A85C51B4C}.Release|Any CPU.Build.0 = Release|Any CPU
		{8972A545-E591-495B-B90A-06E220A31580}.Debug|Any CPU.ActiveCfg = Debug|Any CPU
		{8972A545-E591-495B-B90A-06E220A31580}.Debug|Any CPU.Build.0 = Debug|Any CPU
		{8972A545-E591-495B-B90A-06E220A31580}.Release|Any CPU.ActiveCfg = Release|Any CPU
		{8972A545-E591-495B-B90A-06E220A31580}.Release|Any CPU.Build.0 = Release|Any CPU
		{BB3317DE-4ED2-47D0-B8A7-80CA074787AD}.Debug|Any CPU.ActiveCfg = Debug|Any CPU
		{BB3317DE-4ED2-47D0-B8A7-80CA074787AD}.Debug|Any CPU.Build.0 = Debug|Any CPU
		{BB3317DE-4ED2-47D0-B8A7-80CA074787AD}.Release|Any CPU.ActiveCfg = Release|Any CPU
		{BB3317DE-4ED2-47D0-B8A7-80CA074787AD}.Release|Any CPU.Build.0 = Release|Any CPU
	EndGlobalSection
	GlobalSection(SolutionProperties) = preSolution
		HideSolutionNode = FALSE
	EndGlobalSection
	GlobalSection(ExtensibilityGlobals) = postSolution
		SolutionGuid = {7518B1A2-8B3D-45F7-926F-1B3350B1A9D0}
	EndGlobalSection
EndGlobal
